{
    "_readme": [
        "This file locks the dependencies of your project to a known state",
        "Read more about it at https://getcomposer.org/doc/01-basic-usage.md#installing-dependencies",
        "This file is @generated automatically"
    ],
    "content-hash": "1fe136a9f5b46ea382283de1fbce99a4",
    "packages": [
        {
            "name": "genzzz/helpers",
            "version": "dev-master",
            "source": {
                "type": "git",
                "url": "https://github.com/genzzz/helpers.git",
                "reference": "a55f9a709eea824c282c03a6451353ec4126de4e"
            },
            "dist": {
                "type": "zip",
                "url": "https://api.github.com/repos/genzzz/helpers/zipball/a55f9a709eea824c282c03a6451353ec4126de4e",
                "reference": "a55f9a709eea824c282c03a6451353ec4126de4e",
                "shasum": ""
            },
            "require": {
                "php": "^7.2"
            },
            "require-dev": {
                "phpunit/phpunit": "^8.4",
                "vlucas/phpdotenv": "^4.1"
            },
            "type": "library",
            "autoload": {
                "psr-4": {
                    "Genzzz\\Helpers\\": "./src"
                },
                "files": [
                    "files/helpers.php"
                ]
            },
            "license": [
                "MIT"
            ],
            "authors": [
                {
                    "name": "Genci Shabani",
                    "email": "webmaster.gencishabani@gmail.com"
                }
            ],
            "description": "Functions that can help development",
            "support": {
                "source": "https://github.com/genzzz/helpers/tree/master",
                "issues": "https://github.com/genzzz/helpers/issues"
            },
            "time": "2020-01-27T21:59:15+00:00"
        }
    ],
    "packages-dev": [],
    "aliases": [],
    "minimum-stability": "dev",
    "stability-flags": {
        "genzzz/helpers": 20
    },
    "prefer-stable": false,
    "prefer-lowest": false,
    "platform": [],
    "platform-dev": []
}
